
Microsoft Visual Studio Solution File, Format Version 9.00
# Visual Studio 2005
Project("{8BC9CEB8-8B4A-11D0-8D11-00A0C91BC942}") = "CxImage", "cximage\cximage.vcproj", "{94D3EAED-49FF-4903-A505-8A0A78AF663A}"
EndProject
Project("{8BC9CEB8-8B4A-11D0-8D11-00A0C91BC942}") = "CxImageCrtDll", "CxImage\CxImageDLL\CxImageCrtDll.vcproj", "{6B063925-9678-4CB0-B285-06081BF6935E}"
	ProjectSection(ProjectDependencies) = postProject
		{E92774C6-3C8F-4DD8-B7CA-58826E17CDFB} = {E92774C6-3C8F-4DD8-B7CA-58826E17CDFB}
		{7C257D45-FBEE-4412-B7DB-F20E72C66592} = {7C257D45-FBEE-4412-B7DB-F20E72C66592}
		{6B3C81AD-E108-49D2-8FE5-93AC68D3BCA6} = {6B3C81AD-E108-49D2-8FE5-93AC68D3BCA6}
		{98DE804A-5C76-473D-AE2F-DC5546CF4CF7} = {98DE804A-5C76-473D-AE2F-DC5546CF4CF7}
		{65D126EE-9977-4D3F-8101-18F5A8682BA6} = {65D126EE-9977-4D3F-8101-18F5A8682BA6}
		{8C66240C-FD6B-425B-A82F-7F5C737F10FF} = {8C66240C-FD6B-425B-A82F-7F5C737F10FF}
		{C4EF75B4-C1DF-4C7C-B9F1-E408118CDA52} = {C4EF75B4-C1DF-4C7C-B9F1-E408118CDA52}
		{C3851D4F-06AB-43A4-9647-DE7B41153375} = {C3851D4F-06AB-43A4-9647-DE7B41153375}
	EndProjectSection
EndProject
Project("{8BC9CEB8-8B4A-11D0-8D11-00A0C91BC942}") = "CxImageMfcDll", "CxImage\CxImageDLL\cximagemfcdll.vcproj", "{3F47AF66-EC53-4594-98B9-1CFA3D6E3AB7}"
	ProjectSection(ProjectDependencies) = postProject
		{E92774C6-3C8F-4DD8-B7CA-58826E17CDFB} = {E92774C6-3C8F-4DD8-B7CA-58826E17CDFB}
		{7C257D45-FBEE-4412-B7DB-F20E72C66592} = {7C257D45-FBEE-4412-B7DB-F20E72C66592}
		{6B3C81AD-E108-49D2-8FE5-93AC68D3BCA6} = {6B3C81AD-E108-49D2-8FE5-93AC68D3BCA6}
		{98DE804A-5C76-473D-AE2F-DC5546CF4CF7} = {98DE804A-5C76-473D-AE2F-DC5546CF4CF7}
		{65D126EE-9977-4D3F-8101-18F5A8682BA6} = {65D126EE-9977-4D3F-8101-18F5A8682BA6}
		{8C66240C-FD6B-425B-A82F-7F5C737F10FF} = {8C66240C-FD6B-425B-A82F-7F5C737F10FF}
		{C4EF75B4-C1DF-4C7C-B9F1-E408118CDA52} = {C4EF75B4-C1DF-4C7C-B9F1-E408118CDA52}
		{C3851D4F-06AB-43A4-9647-DE7B41153375} = {C3851D4F-06AB-43A4-9647-DE7B41153375}
	EndProjectSection
EndProject
Project("{8BC9CEB8-8B4A-11D0-8D11-00A0C91BC942}") = "demo", "demo\demo.vcproj", "{CACE1108-03D3-4FDB-8AAE-6232BB72B828}"
	ProjectSection(ProjectDependencies) = postProject
		{94D3EAED-49FF-4903-A505-8A0A78AF663A} = {94D3EAED-49FF-4903-A505-8A0A78AF663A}
		{7C257D45-FBEE-4412-B7DB-F20E72C66592} = {7C257D45-FBEE-4412-B7DB-F20E72C66592}
		{6B3C81AD-E108-49D2-8FE5-93AC68D3BCA6} = {6B3C81AD-E108-49D2-8FE5-93AC68D3BCA6}
		{98DE804A-5C76-473D-AE2F-DC5546CF4CF7} = {98DE804A-5C76-473D-AE2F-DC5546CF4CF7}
		{65D126EE-9977-4D3F-8101-18F5A8682BA6} = {65D126EE-9977-4D3F-8101-18F5A8682BA6}
		{C4EF75B4-C1DF-4C7C-B9F1-E408118CDA52} = {C4EF75B4-C1DF-4C7C-B9F1-E408118CDA52}
		{E92774C6-3C8F-4DD8-B7CA-58826E17CDFB} = {E92774C6-3C8F-4DD8-B7CA-58826E17CDFB}
		{8C66240C-FD6B-425B-A82F-7F5C737F10FF} = {8C66240C-FD6B-425B-A82F-7F5C737F10FF}
		{C3851D4F-06AB-43A4-9647-DE7B41153375} = {C3851D4F-06AB-43A4-9647-DE7B41153375}
	EndProjectSection
EndProject
Project("{8BC9CEB8-8B4A-11D0-8D11-00A0C91BC942}") = "demoDll", "demo\demoDLL.vcproj", "{AA21DC2B-1C31-4015-B507-88E515D69CE0}"
	ProjectSection(ProjectDependencies) = postProject
		{6B063925-9678-4CB0-B285-06081BF6935E} = {6B063925-9678-4CB0-B285-06081BF6935E}
	EndProjectSection
EndProject
Project("{8BC9CEB8-8B4A-11D0-8D11-00A0C91BC942}") = "jasper", "jasper\jasper.vcproj", "{8C66240C-FD6B-425B-A82F-7F5C737F10FF}"
EndProject
Project("{8BC9CEB8-8B4A-11D0-8D11-00A0C91BC942}") = "jbig", "jbig\jbig.vcproj", "{E92774C6-3C8F-4DD8-B7CA-58826E17CDFB}"
EndProject
Project("{8BC9CEB8-8B4A-11D0-8D11-00A0C91BC942}") = "jpeg", "jpeg\Jpeg.vcproj", "{7C257D45-FBEE-4412-B7DB-F20E72C66592}"
EndProject
Project("{8BC9CEB8-8B4A-11D0-8D11-00A0C91BC942}") = "libdcr", "raw\libdcr.vcproj", "{C3851D4F-06AB-43A4-9647-DE7B41153375}"
EndProject
Project("{8BC9CEB8-8B4A-11D0-8D11-00A0C91BC942}") = "mng", "mng\mng.vcproj", "{C4EF75B4-C1DF-4C7C-B9F1-E408118CDA52}"
EndProject
Project("{8BC9CEB8-8B4A-11D0-8D11-00A0C91BC942}") = "png", "png\png.vcproj", "{6B3C81AD-E108-49D2-8FE5-93AC68D3BCA6}"
EndProject
Project("{8BC9CEB8-8B4A-11D0-8D11-00A0C91BC942}") = "tiff", "tiff\Tiff.vcproj", "{98DE804A-5C76-473D-AE2F-DC5546CF4CF7}"
EndProject
Project("{8BC9CEB8-8B4A-11D0-8D11-00A0C91BC942}") = "zlib", "zlib\zlib.vcproj", "{65D126EE-9977-4D3F-8101-18F5A8682BA6}"
EndProject
Global
	GlobalSection(SolutionConfigurationPlatforms) = preSolution
		Debug|Win32 = Debug|Win32
		Release|Win32 = Release|Win32
		Unicode Debug|Win32 = Unicode Debug|Win32
		Unicode Release|Win32 = Unicode Release|Win32
	EndGlobalSection
	GlobalSection(ProjectConfigurationPlatforms) = postSolution
		{94D3EAED-49FF-4903-A505-8A0A78AF663A}.Debug|Win32.ActiveCfg = Debug|Win32
		{94D3EAED-49FF-4903-A505-8A0A78AF663A}.Debug|Win32.Build.0 = Debug|Win32
		{94D3EAED-49FF-4903-A505-8A0A78AF663A}.Release|Win32.ActiveCfg = Release|Win32
		{94D3EAED-49FF-4903-A505-8A0A78AF663A}.Release|Win32.Build.0 = Release|Win32
		{94D3EAED-49FF-4903-A505-8A0A78AF663A}.Unicode Debug|Win32.ActiveCfg = Unicode Debug|Win32
		{94D3EAED-49FF-4903-A505-8A0A78AF663A}.Unicode Debug|Win32.Build.0 = Unicode Debug|Win32
		{94D3EAED-49FF-4903-A505-8A0A78AF663A}.Unicode Release|Win32.ActiveCfg = Unicode Release|Win32
		{94D3EAED-49FF-4903-A505-8A0A78AF663A}.Unicode Release|Win32.Build.0 = Unicode Release|Win32
		{6B063925-9678-4CB0-B285-06081BF6935E}.Debug|Win32.ActiveCfg = Debug|Win32
		{6B063925-9678-4CB0-B285-06081BF6935E}.Debug|Win32.Build.0 = Debug|Win32
		{6B063925-9678-4CB0-B285-06081BF6935E}.Release|Win32.ActiveCfg = Release|Win32
		{6B063925-9678-4CB0-B285-06081BF6935E}.Release|Win32.Build.0 = Release|Win32
		{6B063925-9678-4CB0-B285-06081BF6935E}.Unicode Debug|Win32.ActiveCfg = Unicode Debug|Win32
		{6B063925-9678-4CB0-B285-06081BF6935E}.Unicode Debug|Win32.Build.0 = Unicode Debug|Win32
		{6B063925-9678-4CB0-B285-06081BF6935E}.Unicode Release|Win32.ActiveCfg = Unicode Release|Win32
		{6B063925-9678-4CB0-B285-06081BF6935E}.Unicode Release|Win32.Build.0 = Unicode Release|Win32
		{3F47AF66-EC53-4594-98B9-1CFA3D6E3AB7}.Debug|Win32.ActiveCfg = Debug|Win32
		{3F47AF66-EC53-4594-98B9-1CFA3D6E3AB7}.Debug|Win32.Build.0 = Debug|Win32
		{3F47AF66-EC53-4594-98B9-1CFA3D6E3AB7}.Release|Win32.ActiveCfg = Release|Win32
		{3F47AF66-EC53-4594-98B9-1CFA3D6E3AB7}.Release|Win32.Build.0 = Release|Win32
		{3F47AF66-EC53-4594-98B9-1CFA3D6E3AB7}.Unicode Debug|Win32.ActiveCfg = Unicode Debug|Win32
		{3F47AF66-EC53-4594-98B9-1CFA3D6E3AB7}.Unicode Debug|Win32.Build.0 = Unicode Debug|Win32
		{3F47AF66-EC53-4594-98B9-1CFA3D6E3AB7}.Unicode Release|Win32.ActiveCfg = Unicode Release|Win32
		{3F47AF66-EC53-4594-98B9-1CFA3D6E3AB7}.Unicode Release|Win32.Build.0 = Unicode Release|Win32
		{CACE1108-03D3-4FDB-8AAE-6232BB72B828}.Debug|Win32.ActiveCfg = Debug|Win32
		{CACE1108-03D3-4FDB-8AAE-6232BB72B828}.Debug|Win32.Build.0 = Debug|Win32
		{CACE1108-03D3-4FDB-8AAE-6232BB72B828}.Release|Win32.ActiveCfg = Release|Win32
		{CACE1108-03D3-4FDB-8AAE-6232BB72B828}.Release|Win32.Build.0 = Release|Win32
		{CACE1108-03D3-4FDB-8AAE-6232BB72B828}.Unicode Debug|Win32.ActiveCfg = Unicode Debug|Win32
		{CACE1108-03D3-4FDB-8AAE-6232BB72B828}.Unicode Debug|Win32.Build.0 = Unicode Debug|Win32
		{CACE1108-03D3-4FDB-8AAE-6232BB72B828}.Unicode Release|Win32.ActiveCfg = Unicode Release|Win32
		{CACE1108-03D3-4FDB-8AAE-6232BB72B828}.Unicode Release|Win32.Build.0 = Unicode Release|Win32
		{AA21DC2B-1C31-4015-B507-88E515D69CE0}.Debug|Win32.ActiveCfg = Debug|Win32
		{AA21DC2B-1C31-4015-B507-88E515D69CE0}.Debug|Win32.Build.0 = Debug|Win32
		{AA21DC2B-1C31-4015-B507-88E515D69CE0}.Release|Win32.ActiveCfg = Release|Win32
		{AA21DC2B-1C31-4015-B507-88E515D69CE0}.Release|Win32.Build.0 = Release|Win32
		{AA21DC2B-1C31-4015-B507-88E515D69CE0}.Unicode Debug|Win32.ActiveCfg = Unicode Debug|Win32
		{AA21DC2B-1C31-4015-B507-88E515D69CE0}.Unicode Debug|Win32.Build.0 = Unicode Debug|Win32
		{AA21DC2B-1C31-4015-B507-88E515D69CE0}.Unicode Release|Win32.ActiveCfg = Unicode Release|Win32
		{AA21DC2B-1C31-4015-B507-88E515D69CE0}.Unicode Release|Win32.Build.0 = Unicode Release|Win32
		{8C66240C-FD6B-425B-A82F-7F5C737F10FF}.Debug|Win32.ActiveCfg = Debug|Win32
		{8C66240C-FD6B-425B-A82F-7F5C737F10FF}.Debug|Win32.Build.0 = Debug|Win32
		{8C66240C-FD6B-425B-A82F-7F5C737F10FF}.Release|Win32.ActiveCfg = Release|Win32
		{8C66240C-FD6B-425B-A82F-7F5C737F10FF}.Release|Win32.Build.0 = Release|Win32
		{8C66240C-FD6B-425B-A82F-7F5C737F10FF}.Unicode Debug|Win32.ActiveCfg = Unicode Debug|Win32
		{8C66240C-FD6B-425B-A82F-7F5C737F10FF}.Unicode Debug|Win32.Build.0 = Unicode Debug|Win32
		{8C66240C-FD6B-425B-A82F-7F5C737F10FF}.Unicode Release|Win32.ActiveCfg = Unicode Release|Win32
		{8C66240C-FD6B-425B-A82F-7F5C737F10FF}.Unicode Release|Win32.Build.0 = Unicode Release|Win32
		{E92774C6-3C8F-4DD8-B7CA-58826E17CDFB}.Debug|Win32.ActiveCfg = Debug|Win32
		{E92774C6-3C8F-4DD8-B7CA-58826E17CDFB}.Debug|Win32.Build.0 = Debug|Win32
		{E92774C6-3C8F-4DD8-B7CA-58826E17CDFB}.Release|Win32.ActiveCfg = Release|Win32
		{E92774C6-3C8F-4DD8-B7CA-58826E17CDFB}.Release|Win32.Build.0 = Release|Win32
		{E92774C6-3C8F-4DD8-B7CA-58826E17CDFB}.Unicode Debug|Win32.ActiveCfg = Unicode Debug|Win32
		{E92774C6-3C8F-4DD8-B7CA-58826E17CDFB}.Unicode Debug|Win32.Build.0 = Unicode Debug|Win32
		{E92774C6-3C8F-4DD8-B7CA-58826E17CDFB}.Unicode Release|Win32.ActiveCfg = Unicode Release|Win32
		{E92774C6-3C8F-4DD8-B7CA-58826E17CDFB}.Unicode Release|Win32.Build.0 = Unicode Release|Win32
		{7C257D45-FBEE-4412-B7DB-F20E72C66592}.Debug|Win32.ActiveCfg = Debug|Win32
		{7C257D45-FBEE-4412-B7DB-F20E72C66592}.Debug|Win32.Build.0 = Debug|Win32
		{7C257D45-FBEE-4412-B7DB-F20E72C66592}.Release|Win32.ActiveCfg = Release|Win32
		{7C257D45-FBEE-4412-B7DB-F20E72C66592}.Release|Win32.Build.0 = Release|Win32
		{7C257D45-FBEE-4412-B7DB-F20E72C66592}.Unicode Debug|Win32.ActiveCfg = Unicode Debug|Win32
		{7C257D45-FBEE-4412-B7DB-F20E72C66592}.Unicode Debug|Win32.Build.0 = Unicode Debug|Win32
		{7C257D45-FBEE-4412-B7DB-F20E72C66592}.Unicode Release|Win32.ActiveCfg = Unicode Release|Win32
		{7C257D45-FBEE-4412-B7DB-F20E72C66592}.Unicode Release|Win32.Build.0 = Unicode Release|Win32
		{C3851D4F-06AB-43A4-9647-DE7B41153375}.Debug|Win32.ActiveCfg = Debug|Win32
		{C3851D4F-06AB-43A4-9647-DE7B41153375}.Debug|Win32.Build.0 = Debug|Win32
		{C3851D4F-06AB-43A4-9647-DE7B41153375}.Release|Win32.ActiveCfg = Release|Win32
		{C3851D4F-06AB-43A4-9647-DE7B41153375}.Release|Win32.Build.0 = Release|Win32
		{C3851D4F-06AB-43A4-9647-DE7B41153375}.Unicode Debug|Win32.ActiveCfg = Unicode Debug|Win32
		{C3851D4F-06AB-43A4-9647-DE7B41153375}.Unicode Debug|Win32.Build.0 = Unicode Debug|Win32
		{C3851D4F-06AB-43A4-9647-DE7B41153375}.Unicode Release|Win32.ActiveCfg = Unicode Release|Win32
		{C3851D4F-06AB-43A4-9647-DE7B41153375}.Unicode Release|Win32.Build.0 = Unicode Release|Win32
		{C4EF75B4-C1DF-4C7C-B9F1-E408118CDA52}.Debug|Win32.ActiveCfg = Debug|Win32
		{C4EF75B4-C1DF-4C7C-B9F1-E408118CDA52}.Debug|Win32.Build.0 = Debug|Win32
		{C4EF75B4-C1DF-4C7C-B9F1-E408118CDA52}.Release|Win32.ActiveCfg = Release|Win32
		{C4EF75B4-C1DF-4C7C-B9F1-E408118CDA52}.Release|Win32.Build.0 = Release|Win32
		{C4EF75B4-C1DF-4C7C-B9F1-E408118CDA52}.Unicode Debug|Win32.ActiveCfg = Unicode Debug|Win32
		{C4EF75B4-C1DF-4C7C-B9F1-E408118CDA52}.Unicode Debug|Win32.Build.0 = Unicode Debug|Win32
		{C4EF75B4-C1DF-4C7C-B9F1-E408118CDA52}.Unicode Release|Win32.ActiveCfg = Unicode Release|Win32
		{C4EF75B4-C1DF-4C7C-B9F1-E408118CDA52}.Unicode Release|Win32.Build.0 = Unicode Release|Win32
		{6B3C81AD-E108-49D2-8FE5-93AC68D3BCA6}.Debug|Win32.ActiveCfg = Debug|Win32
		{6B3C81AD-E108-49D2-8FE5-93AC68D3BCA6}.Debug|Win32.Build.0 = Debug|Win32
		{6B3C81AD-E108-49D2-8FE5-93AC68D3BCA6}.Release|Win32.ActiveCfg = Release|Win32
		{6B3C81AD-E108-49D2-8FE5-93AC68D3BCA6}.Release|Win32.Build.0 = Release|Win32
		{6B3C81AD-E108-49D2-8FE5-93AC68D3BCA6}.Unicode Debug|Win32.ActiveCfg = Unicode Debug|Win32
		{6B3C81AD-E108-49D2-8FE5-93AC68D3BCA6}.Unicode Debug|Win32.Build.0 = Unicode Debug|Win32
		{6B3C81AD-E108-49D2-8FE5-93AC68D3BCA6}.Unicode Release|Win32.ActiveCfg = Unicode Release|Win32
		{6B3C81AD-E108-49D2-8FE5-93AC68D3BCA6}.Unicode Release|Win32.Build.0 = Unicode Release|Win32
		{98DE804A-5C76-473D-AE2F-DC5546CF4CF7}.Debug|Win32.ActiveCfg = Debug|Win32
		{98DE804A-5C76-473D-AE2F-DC5546CF4CF7}.Debug|Win32.Build.0 = Debug|Win32
		{98DE804A-5C76-473D-AE2F-DC5546CF4CF7}.Release|Win32.ActiveCfg = Release|Win32
		{98DE804A-5C76-473D-AE2F-DC5546CF4CF7}.Release|Win32.Build.0 = Release|Win32
		{98DE804A-5C76-473D-AE2F-DC5546CF4CF7}.Unicode Debug|Win32.ActiveCfg = Unicode Debug|Win32
		{98DE804A-5C76-473D-AE2F-DC5546CF4CF7}.Unicode Debug|Win32.Build.0 = Unicode Debug|Win32
		{98DE804A-5C76-473D-AE2F-DC5546CF4CF7}.Unicode Release|Win32.ActiveCfg = Unicode Release|Win32
		{98DE804A-5C76-473D-AE2F-DC5546CF4CF7}.Unicode Release|Win32.Build.0 = Unicode Release|Win32
		{65D126EE-9977-4D3F-8101-18F5A8682BA6}.Debug|Win32.ActiveCfg = Debug|Win32
		{65D126EE-9977-4D3F-8101-18F5A8682BA6}.Debug|Win32.Build.0 = Debug|Win32
		{65D126EE-9977-4D3F-8101-18F5A8682BA6}.Release|Win32.ActiveCfg = Release|Win32
		{65D126EE-9977-4D3F-8101-18F5A8682BA6}.Release|Win32.Build.0 = Release|Win32
		{65D126EE-9977-4D3F-8101-18F5A8682BA6}.Unicode Debug|Win32.ActiveCfg = Unicode Debug|Win32
		{65D126EE-9977-4D3F-8101-18F5A8682BA6}.Unicode Debug|Win32.Build.0 = Unicode Debug|Win32
		{65D126EE-9977-4D3F-8101-18F5A8682BA6}.Unicode Release|Win32.ActiveCfg = Unicode Release|Win32
		{65D126EE-9977-4D3F-8101-18F5A8682BA6}.Unicode Release|Win32.Build.0 = Unicode Release|Win32
	EndGlobalSection
	GlobalSection(SolutionProperties) = preSolution
		HideSolutionNode = FALSE
	EndGlobalSection
EndGlobal
